
Microsoft Visual Studio Solution File, Format Version 12.00
# Visual Studio Version 16
VisualStudioVersion = 16.0.31911.196
MinimumVisualStudioVersion = 10.0.40219.1
Project("{8BC9CEB8-8B4A-11D0-8D11-00A0C91BC942}") = "Funny CPU", "Funny CPU.vcxproj", "{D3A3D547-00C2-4C9E-830D-0232BC7CF346}"
EndProject
Global
	GlobalSection(SolutionConfigurationPlatforms) = preSolution
		Debug|x64 = Debug|x64
		Debug|x86 = Debug|x86
		Release|x64 = Release|x64
		Release|x86 = Release|x86
	EndGlobalSection
	GlobalSection(ProjectConfigurationPlatforms) = postSolution
		{D3A3D547-00C2-4C9E-830D-0232BC7CF346}.Debug|x64.ActiveCfg = Debug|x64
		{D3A3D547-00C2-4C9E-830D-0232BC7CF346}.Debug|x64.Build.0 = Debug|x64
		{D3A3D547-00C2-4C9E-830D-0232BC7CF346}.Debug|x86.ActiveCfg = Debug|Win32
		{D3A3D547-00C2-4C9E-830D-0232BC7CF346}.Debug|x86.Build.0 = Debug|Win32
		{D3A3D547-00C2-4C9E-830D-0232BC7CF346}.Release|x64.ActiveCfg = Release|x64
		{D3A3D547-00C2-4C9E-830D-0232BC7CF346}.Release|x64.Build.0 = Release|x64
		{D3A3D547-00C2-4C9E-830D-0232BC7CF346}.Release|x86.ActiveCfg = Release|Win32
		{D3A3D547-00C2-4C9E-830D-0232BC7CF346}.Release|x86.Build.0 = Release|Win32
	EndGlobalSection
	GlobalSection(SolutionProperties) = preSolution
		HideSolutionNode = FALSE
	EndGlobalSection
	GlobalSection(ExtensibilityGlobals) = postSolution
		SolutionGuid = {4B11EC49-3720-468C-9412-20AE59D10587}
	EndGlobalSection
EndGlobal
